
Microsoft Visual Studio Solution File, Format Version 12.00
# Visual Studio Version 16
VisualStudioVersion = 16.0.30523.141
MinimumVisualStudioVersion = 10.0.40219.1
Project("{FAE04EC0-301F-11D3-BF4B-00C04F79EFBC}") = "Zad4", "Zad4\Zad4.csproj", "{B51CC681-7F00-40B2-B295-2C82384ACBF0}"
EndProject
Project("{FAE04EC0-301F-11D3-BF4B-00C04F79EFBC}") = "Storage", "Storage\Storage.csproj", "{46E7ED5D-26A2-46C4-ADD1-48D275527F73}"
EndProject
Project("{FAE04EC0-301F-11D3-BF4B-00C04F79EFBC}") = "Service", "Service\Service.csproj", "{3AE46DA8-D228-47C6-9FE8-FA601F96BFF6}"
EndProject
Global
	GlobalSection(SolutionConfigurationPlatforms) = preSolution
		Debug|Any CPU = Debug|Any CPU
		Release|Any CPU = Release|Any CPU
	EndGlobalSection
	GlobalSection(ProjectConfigurationPlatforms) = postSolution
		{B51CC681-7F00-40B2-B295-2C82384ACBF0}.Debug|Any CPU.ActiveCfg = Debug|Any CPU
		{B51CC681-7F00-40B2-B295-2C82384ACBF0}.Debug|Any CPU.Build.0 = Debug|Any CPU
		{B51CC681-7F00-40B2-B295-2C82384ACBF0}.Release|Any CPU.ActiveCfg = Release|Any CPU
		{B51CC681-7F00-40B2-B295-2C82384ACBF0}.Release|Any CPU.Build.0 = Release|Any CPU
		{46E7ED5D-26A2-46C4-ADD1-48D275527F73}.Debug|Any CPU.ActiveCfg = Debug|Any CPU
		{46E7ED5D-26A2-46C4-ADD1-48D275527F73}.Debug|Any CPU.Build.0 = Debug|Any CPU
		{46E7ED5D-26A2-46C4-ADD1-48D275527F73}.Release|Any CPU.ActiveCfg = Release|Any CPU
		{46E7ED5D-26A2-46C4-ADD1-48D275527F73}.Release|Any CPU.Build.0 = Release|Any CPU
		{3AE46DA8-D228-47C6-9FE8-FA601F96BFF6}.Debug|Any CPU.ActiveCfg = Debug|Any CPU
		{3AE46DA8-D228-47C6-9FE8-FA601F96BFF6}.Debug|Any CPU.Build.0 = Debug|Any CPU
		{3AE46DA8-D228-47C6-9FE8-FA601F96BFF6}.Release|Any CPU.ActiveCfg = Release|Any CPU
		{3AE46DA8-D228-47C6-9FE8-FA601F96BFF6}.Release|Any CPU.Build.0 = Release|Any CPU
	EndGlobalSection
	GlobalSection(SolutionProperties) = preSolution
		HideSolutionNode = FALSE
	EndGlobalSection
	GlobalSection(ExtensibilityGlobals) = postSolution
		SolutionGuid = {0BB0CACF-FEC7-4C46-B3E3-38D8A964FBCA}
	EndGlobalSection
EndGlobal
